
Microsoft Visual Studio Solution File, Format Version 12.00
# Visual Studio Version 17
VisualStudioVersion = 17.2.32602.215
MinimumVisualStudioVersion = 10.0.40219.1
Project("{FAE04EC0-301F-11D3-BF4B-00C04F79EFBC}") = "GameCell", "GameCell\GameCell.csproj", "{1F500AF1-B13F-4081-B458-7D970FD9F831}"
EndProject
Global
	GlobalSection(SolutionConfigurationPlatforms) = preSolution
		Debug|Any CPU = Debug|Any CPU
		Release|Any CPU = Release|Any CPU
	EndGlobalSection
	GlobalSection(ProjectConfigurationPlatforms) = postSolution
		{1F500AF1-B13F-4081-B458-7D970FD9F831}.Debug|Any CPU.ActiveCfg = Debug|Any CPU
		{1F500AF1-B13F-4081-B458-7D970FD9F831}.Debug|Any CPU.Build.0 = Debug|Any CPU
		{1F500AF1-B13F-4081-B458-7D970FD9F831}.Release|Any CPU.ActiveCfg = Release|Any CPU
		{1F500AF1-B13F-4081-B458-7D970FD9F831}.Release|Any CPU.Build.0 = Release|Any CPU
	EndGlobalSection
	GlobalSection(SolutionProperties) = preSolution
		HideSolutionNode = FALSE
	EndGlobalSection
	GlobalSection(ExtensibilityGlobals) = postSolution
		SolutionGuid = {F24D585E-3D43-47DC-B910-7394F2C61EAB}
	EndGlobalSection
EndGlobal
